
Microsoft Visual Studio Solution File, Format Version 12.00
# Visual Studio 2012
Project("{FAE04EC0-301F-11D3-BF4B-00C04F79EFBC}") = "PuzzlesLibrary", "PuzzlesLibrary\PuzzlesLibrary.csproj", "{A13584C8-EC34-4CF2-A2F9-C2C7E190D013}"
EndProject
Project("{FAE04EC0-301F-11D3-BF4B-00C04F79EFBC}") = "PuzzlesTest", "PuzzlesTest\PuzzlesTest.csproj", "{15A7CA02-2188-452C-9973-126B0C4B559D}"
EndProject
Global
	GlobalSection(SolutionConfigurationPlatforms) = preSolution
		Debug|Any CPU = Debug|Any CPU
		Release|Any CPU = Release|Any CPU
	EndGlobalSection
	GlobalSection(ProjectConfigurationPlatforms) = postSolution
		{A13584C8-EC34-4CF2-A2F9-C2C7E190D013}.Debug|Any CPU.ActiveCfg = Debug|Any CPU
		{A13584C8-EC34-4CF2-A2F9-C2C7E190D013}.Debug|Any CPU.Build.0 = Debug|Any CPU
		{A13584C8-EC34-4CF2-A2F9-C2C7E190D013}.Release|Any CPU.ActiveCfg = Release|Any CPU
		{A13584C8-EC34-4CF2-A2F9-C2C7E190D013}.Release|Any CPU.Build.0 = Release|Any CPU
		{15A7CA02-2188-452C-9973-126B0C4B559D}.Debug|Any CPU.ActiveCfg = Debug|Any CPU
		{15A7CA02-2188-452C-9973-126B0C4B559D}.Debug|Any CPU.Build.0 = Debug|Any CPU
		{15A7CA02-2188-452C-9973-126B0C4B559D}.Release|Any CPU.ActiveCfg = Release|Any CPU
		{15A7CA02-2188-452C-9973-126B0C4B559D}.Release|Any CPU.Build.0 = Release|Any CPU
	EndGlobalSection
	GlobalSection(SolutionProperties) = preSolution
		HideSolutionNode = FALSE
	EndGlobalSection
EndGlobal
